
Microsoft Visual Studio Solution File, Format Version 12.00
# Visual Studio 15
VisualStudioVersion = 15.0.28010.2050
MinimumVisualStudioVersion = 10.0.40219.1
Project("{FAE04EC0-301F-11D3-BF4B-00C04F79EFBC}") = "TestUsrControl", "TestUsrControl.csproj", "{ACD3DCBC-3296-41FF-9FB3-AFD712826748}"
EndProject
Global
	GlobalSection(SolutionConfigurationPlatforms) = preSolution
		Debug|Any CPU = Debug|Any CPU
		Release|Any CPU = Release|Any CPU
	EndGlobalSection
	GlobalSection(ProjectConfigurationPlatforms) = postSolution
		{ACD3DCBC-3296-41FF-9FB3-AFD712826748}.Debug|Any CPU.ActiveCfg = Debug|Any CPU
		{ACD3DCBC-3296-41FF-9FB3-AFD712826748}.Debug|Any CPU.Build.0 = Debug|Any CPU
		{ACD3DCBC-3296-41FF-9FB3-AFD712826748}.Release|Any CPU.ActiveCfg = Release|Any CPU
		{ACD3DCBC-3296-41FF-9FB3-AFD712826748}.Release|Any CPU.Build.0 = Release|Any CPU
	EndGlobalSection
	GlobalSection(SolutionProperties) = preSolution
		HideSolutionNode = FALSE
	EndGlobalSection
	GlobalSection(ExtensibilityGlobals) = postSolution
		SolutionGuid = {A0F55A70-029E-478F-B0F7-7993FCA10255}
	EndGlobalSection
EndGlobal
